
Microsoft Visual Studio Solution File, Format Version 12.00
# Visual Studio Version 16
VisualStudioVersion = 16.0.30517.126
MinimumVisualStudioVersion = 10.0.40219.1
Project("{FAE04EC0-301F-11D3-BF4B-00C04F79EFBC}") = "Najlepsi strzelcy", "Najlepsi strzelcy\Najlepsi strzelcy.csproj", "{96D55031-5EBE-485D-92D7-E9CE61407515}"
EndProject
Global
	GlobalSection(SolutionConfigurationPlatforms) = preSolution
		Debug|Any CPU = Debug|Any CPU
		Release|Any CPU = Release|Any CPU
	EndGlobalSection
	GlobalSection(ProjectConfigurationPlatforms) = postSolution
		{96D55031-5EBE-485D-92D7-E9CE61407515}.Debug|Any CPU.ActiveCfg = Debug|Any CPU
		{96D55031-5EBE-485D-92D7-E9CE61407515}.Debug|Any CPU.Build.0 = Debug|Any CPU
		{96D55031-5EBE-485D-92D7-E9CE61407515}.Release|Any CPU.ActiveCfg = Release|Any CPU
		{96D55031-5EBE-485D-92D7-E9CE61407515}.Release|Any CPU.Build.0 = Release|Any CPU
	EndGlobalSection
	GlobalSection(SolutionProperties) = preSolution
		HideSolutionNode = FALSE
	EndGlobalSection
	GlobalSection(ExtensibilityGlobals) = postSolution
		SolutionGuid = {3B3B2EB0-8A53-46B0-A5C1-543B3423EAB0}
	EndGlobalSection
EndGlobal
